
Microsoft Visual Studio Solution File, Format Version 12.00
# Visual Studio Version 17
VisualStudioVersion = 17.14.36301.6 d17.14
MinimumVisualStudioVersion = 10.0.40219.1
Project("{FAE04EC0-301F-11D3-BF4B-00C04F79EFBC}") = "Messaging Application", "Messaging Application\Messaging Application.csproj", "{F2CC2254-26C2-49C5-AF9F-9A77D97B1BBB}"
EndProject
Global
	GlobalSection(SolutionConfigurationPlatforms) = preSolution
		Debug|Any CPU = Debug|Any CPU
		Release|Any CPU = Release|Any CPU
	EndGlobalSection
	GlobalSection(ProjectConfigurationPlatforms) = postSolution
		{F2CC2254-26C2-49C5-AF9F-9A77D97B1BBB}.Debug|Any CPU.ActiveCfg = Debug|Any CPU
		{F2CC2254-26C2-49C5-AF9F-9A77D97B1BBB}.Debug|Any CPU.Build.0 = Debug|Any CPU
		{F2CC2254-26C2-49C5-AF9F-9A77D97B1BBB}.Release|Any CPU.ActiveCfg = Release|Any CPU
		{F2CC2254-26C2-49C5-AF9F-9A77D97B1BBB}.Release|Any CPU.Build.0 = Release|Any CPU
	EndGlobalSection
	GlobalSection(SolutionProperties) = preSolution
		HideSolutionNode = FALSE
	EndGlobalSection
	GlobalSection(ExtensibilityGlobals) = postSolution
		SolutionGuid = {D999091D-0DCA-4616-877A-B8F582A60A85}
	EndGlobalSection
EndGlobal
