
Microsoft Visual Studio Solution File, Format Version 12.00
# Visual Studio Version 17
VisualStudioVersion = 17.14.36301.6
MinimumVisualStudioVersion = 10.0.40219.1
Project("{FAE04EC0-301F-11D3-BF4B-00C04F79EFBC}") = "UI.Layer", "Messaging Application\UI.Layer.csproj", "{F2CC2254-26C2-49C5-AF9F-9A77D97B1BBB}"
EndProject
Project("{FAE04EC0-301F-11D3-BF4B-00C04F79EFBC}") = "Data.Layer", "Data.Layer\Data.Layer.csproj", "{C3AF13E9-A8D9-46AF-B43E-1B606ECF9F60}"
EndProject
Project("{FAE04EC0-301F-11D3-BF4B-00C04F79EFBC}") = "Business.Layer", "Business.Layer\Business.Layer.csproj", "{D8E7C92E-FBD8-43CE-88B1-A61EEC31B6F4}"
EndProject
Global
	GlobalSection(SolutionConfigurationPlatforms) = preSolution
		Debug|Any CPU = Debug|Any CPU
		Release|Any CPU = Release|Any CPU
	EndGlobalSection
	GlobalSection(ProjectConfigurationPlatforms) = postSolution
		{F2CC2254-26C2-49C5-AF9F-9A77D97B1BBB}.Debug|Any CPU.ActiveCfg = Debug|Any CPU
		{F2CC2254-26C2-49C5-AF9F-9A77D97B1BBB}.Debug|Any CPU.Build.0 = Debug|Any CPU
		{F2CC2254-26C2-49C5-AF9F-9A77D97B1BBB}.Release|Any CPU.ActiveCfg = Release|Any CPU
		{F2CC2254-26C2-49C5-AF9F-9A77D97B1BBB}.Release|Any CPU.Build.0 = Release|Any CPU
		{C3AF13E9-A8D9-46AF-B43E-1B606ECF9F60}.Debug|Any CPU.ActiveCfg = Debug|Any CPU
		{C3AF13E9-A8D9-46AF-B43E-1B606ECF9F60}.Debug|Any CPU.Build.0 = Debug|Any CPU
		{C3AF13E9-A8D9-46AF-B43E-1B606ECF9F60}.Release|Any CPU.ActiveCfg = Release|Any CPU
		{C3AF13E9-A8D9-46AF-B43E-1B606ECF9F60}.Release|Any CPU.Build.0 = Release|Any CPU
		{D8E7C92E-FBD8-43CE-88B1-A61EEC31B6F4}.Debug|Any CPU.ActiveCfg = Debug|Any CPU
		{D8E7C92E-FBD8-43CE-88B1-A61EEC31B6F4}.Debug|Any CPU.Build.0 = Debug|Any CPU
		{D8E7C92E-FBD8-43CE-88B1-A61EEC31B6F4}.Release|Any CPU.ActiveCfg = Release|Any CPU
		{D8E7C92E-FBD8-43CE-88B1-A61EEC31B6F4}.Release|Any CPU.Build.0 = Release|Any CPU
	EndGlobalSection
	GlobalSection(SolutionProperties) = preSolution
		HideSolutionNode = FALSE
	EndGlobalSection
	GlobalSection(ExtensibilityGlobals) = postSolution
		SolutionGuid = {D999091D-0DCA-4616-877A-B8F582A60A85}
	EndGlobalSection
EndGlobal
